# This file is automatically @generated by Cargo.
# It is not intended for manual editing.
version = 4

[[package]]
name = "yserver"
version = "0.1.0"
dependencies = [
 "yserver-core",
]

[[package]]
name = "yserver-core"
version = "0.1.0"
dependencies = [
 "yserver-protocol",
]

[[package]]
name = "yserver-protocol"
version = "0.1.0"
